
Microsoft Visual Studio Solution File, Format Version 12.00
# Visual Studio Version 17
VisualStudioVersion = 17.0.31903.59
MinimumVisualStudioVersion = 10.0.40219.1
Project("{2150E333-8FDC-42A3-9474-1A3956D46DE8}") = "src", "src", "{18469144-A292-4595-A334-F5F38B360032}"
EndProject
Project("{2150E333-8FDC-42A3-9474-1A3956D46DE8}") = "Clients", "Clients", "{49AF77DD-367F-4875-9D7B-BA8D4B66B677}"
EndProject
Project("{2150E333-8FDC-42A3-9474-1A3956D46DE8}") = "WebClients", "WebClients", "{AB4D616F-0625-47C0-A920-15CE91615BB4}"
EndProject
Project("{FAE04EC0-301F-11D3-BF4B-00C04F79EFBC}") = "BlazorWebApp", "src\Clients\WebClients\BlazorWebApp\BlazorWebApp.csproj", "{9025E946-18FB-4C9E-9732-3F5543641B53}"
EndProject
Project("{2150E333-8FDC-42A3-9474-1A3956D46DE8}") = "BuildingBlocks", "BuildingBlocks", "{D143F4AF-CDED-4095-8CC8-EFD976C6C033}"
EndProject
Project("{2150E333-8FDC-42A3-9474-1A3956D46DE8}") = "EventBus", "EventBus", "{AEE66CB1-60AE-4231-84F9-B26CB8E6178B}"
EndProject
Project("{FAE04EC0-301F-11D3-BF4B-00C04F79EFBC}") = "EventBus.RabbitMQ", "src\BuildingBlocks\EventBus\EventBus.RabbitMQ\EventBus.RabbitMQ.csproj", "{CC0F236B-987E-4F98-ADDF-F2D232FC7149}"
EndProject
Project("{FAE04EC0-301F-11D3-BF4B-00C04F79EFBC}") = "EventBus.Factory", "src\BuildingBlocks\EventBus\EventBus.Factory\EventBus.Factory.csproj", "{66DB4697-C537-4647-AA74-3D33A9DD2326}"
EndProject
Project("{FAE04EC0-301F-11D3-BF4B-00C04F79EFBC}") = "EventBus.Base", "src\BuildingBlocks\EventBus\EventBus.Base\EventBus.Base.csproj", "{AB536734-F032-44E3-9779-69720587B842}"
EndProject
Project("{FAE04EC0-301F-11D3-BF4B-00C04F79EFBC}") = "EventBus.AzureServiceBus", "src\BuildingBlocks\EventBus\EventBus.AzureServiceBus\EventBus.AzureServiceBus.csproj", "{93C9BDC3-6809-4ABB-9730-FBBC7D1E6AEC}"
EndProject
Project("{2150E333-8FDC-42A3-9474-1A3956D46DE8}") = "ApiGateways", "ApiGateways", "{0EAF10E1-8DC2-4DB7-A089-35156CFA31E5}"
EndProject
Project("{2150E333-8FDC-42A3-9474-1A3956D46DE8}") = "WebClientApiGateways", "WebClientApiGateways", "{58EBB34E-1D70-4FF2-B39C-95C7C97F0166}"
EndProject
Project("{FAE04EC0-301F-11D3-BF4B-00C04F79EFBC}") = "Web.ApiGateway", "src\ApiGateways\WebClientApiGateways\Web.ApiGateway\Web.ApiGateway.csproj", "{3CDECC51-54F9-4084-B3A7-15993FA2AA1F}"
EndProject
Project("{2150E333-8FDC-42A3-9474-1A3956D46DE8}") = "Services", "Services", "{5D189FAF-447C-476F-97EF-037EC7813869}"
EndProject
Project("{2150E333-8FDC-42A3-9474-1A3956D46DE8}") = "CatalogServices", "CatalogServices", "{924ED84E-4938-4343-9498-F0144D05C823}"
EndProject
Project("{FAE04EC0-301F-11D3-BF4B-00C04F79EFBC}") = "CatalogService.Api", "src\Services\CatalogServices\CatalogService.Api\CatalogService.Api.csproj", "{E9E70F4C-074F-439B-A821-D8B5F724B987}"
EndProject
Project("{2150E333-8FDC-42A3-9474-1A3956D46DE8}") = "BasketService", "BasketService", "{49B81BD7-C750-41DE-BE03-8DA9E5FE3C19}"
EndProject
Project("{FAE04EC0-301F-11D3-BF4B-00C04F79EFBC}") = "BasketService.Api", "src\Services\BasketService\BasketService.Api\BasketService.Api.csproj", "{5011857F-4220-4137-BF77-2CDB2E7C2291}"
EndProject
Project("{2150E333-8FDC-42A3-9474-1A3956D46DE8}") = "NotificationService", "NotificationService", "{8D36C528-C54A-475F-B195-4D1B82489F48}"
EndProject
Project("{FAE04EC0-301F-11D3-BF4B-00C04F79EFBC}") = "NotificationService.ConseoleApp", "src\Services\NotificationService\NotificationService.ConseoleApp\NotificationService.ConseoleApp.csproj", "{281D88F5-CFBB-4C95-B7CB-D7DEEFA6BFE1}"
EndProject
Project("{2150E333-8FDC-42A3-9474-1A3956D46DE8}") = "IdentityService", "IdentityService", "{079F7745-551F-4941-80AC-9AEA4EBEAEB0}"
EndProject
Project("{FAE04EC0-301F-11D3-BF4B-00C04F79EFBC}") = "IdentityService.Api", "src\Services\IdentityService\IdentityService.Api\IdentityService.Api.csproj", "{B8B4EB7F-518B-4E20-869F-45DCF306F6CA}"
EndProject
Project("{2150E333-8FDC-42A3-9474-1A3956D46DE8}") = "PaymentService", "PaymentService", "{A6C3F0BC-C531-42DE-AEA3-0A264B98C320}"
EndProject
Project("{FAE04EC0-301F-11D3-BF4B-00C04F79EFBC}") = "PaymentService.Api", "src\Services\PaymentService\PaymentService.Api\PaymentService.Api.csproj", "{101B0EA6-B469-4B11-B54E-967DDD902404}"
EndProject
Project("{2150E333-8FDC-42A3-9474-1A3956D46DE8}") = "OrderService", "OrderService", "{4172B36D-8732-4787-ACA6-938F38B67115}"
EndProject
Project("{FAE04EC0-301F-11D3-BF4B-00C04F79EFBC}") = "OrderService.Infrastructure", "src\Services\OrderService\OrderService.Infrastructure\OrderService.Infrastructure.csproj", "{E8320995-8896-49F3-8414-250B8C3D8B2C}"
EndProject
Project("{FAE04EC0-301F-11D3-BF4B-00C04F79EFBC}") = "OrderService.Domain", "src\Services\OrderService\OrderService.Domain\OrderService.Domain.csproj", "{39F472A7-C497-4E48-B7A0-5693DDEC0324}"
EndProject
Project("{FAE04EC0-301F-11D3-BF4B-00C04F79EFBC}") = "OrderService.Application", "src\Services\OrderService\OrderService.Application\OrderService.Application.csproj", "{D2FB46E5-888C-4916-A42B-5BA39BB2F1B9}"
EndProject
Project("{FAE04EC0-301F-11D3-BF4B-00C04F79EFBC}") = "OrderService.Api", "src\Services\OrderService\OrderService.Api\OrderService.Api.csproj", "{C2046847-8887-4255-B73F-8EF9EBA83F5B}"
EndProject
Project("{2150E333-8FDC-42A3-9474-1A3956D46DE8}") = "test", "test", "{00BE7486-85A1-407E-8767-875F00457623}"
EndProject
Project("{2150E333-8FDC-42A3-9474-1A3956D46DE8}") = "BuildingBlocks", "BuildingBlocks", "{BB05A655-04FD-473E-A1CC-B131A291529A}"
EndProject
Project("{FAE04EC0-301F-11D3-BF4B-00C04F79EFBC}") = "EventBus.UnitTests", "test\BuildıngBlocks\EventBus.UnitTests\EventBus.UnitTests.csproj", "{30ED3E55-6601-4468-895A-C96F6C38FA52}"
EndProject
Global
	GlobalSection(SolutionConfigurationPlatforms) = preSolution
		Debug|Any CPU = Debug|Any CPU
		Release|Any CPU = Release|Any CPU
	EndGlobalSection
	GlobalSection(SolutionProperties) = preSolution
		HideSolutionNode = FALSE
	EndGlobalSection
	GlobalSection(ProjectConfigurationPlatforms) = postSolution
		{9025E946-18FB-4C9E-9732-3F5543641B53}.Debug|Any CPU.ActiveCfg = Debug|Any CPU
		{9025E946-18FB-4C9E-9732-3F5543641B53}.Debug|Any CPU.Build.0 = Debug|Any CPU
		{9025E946-18FB-4C9E-9732-3F5543641B53}.Release|Any CPU.ActiveCfg = Release|Any CPU
		{9025E946-18FB-4C9E-9732-3F5543641B53}.Release|Any CPU.Build.0 = Release|Any CPU
		{CC0F236B-987E-4F98-ADDF-F2D232FC7149}.Debug|Any CPU.ActiveCfg = Debug|Any CPU
		{CC0F236B-987E-4F98-ADDF-F2D232FC7149}.Debug|Any CPU.Build.0 = Debug|Any CPU
		{CC0F236B-987E-4F98-ADDF-F2D232FC7149}.Release|Any CPU.ActiveCfg = Release|Any CPU
		{CC0F236B-987E-4F98-ADDF-F2D232FC7149}.Release|Any CPU.Build.0 = Release|Any CPU
		{66DB4697-C537-4647-AA74-3D33A9DD2326}.Debug|Any CPU.ActiveCfg = Debug|Any CPU
		{66DB4697-C537-4647-AA74-3D33A9DD2326}.Debug|Any CPU.Build.0 = Debug|Any CPU
		{66DB4697-C537-4647-AA74-3D33A9DD2326}.Release|Any CPU.ActiveCfg = Release|Any CPU
		{66DB4697-C537-4647-AA74-3D33A9DD2326}.Release|Any CPU.Build.0 = Release|Any CPU
		{AB536734-F032-44E3-9779-69720587B842}.Debug|Any CPU.ActiveCfg = Debug|Any CPU
		{AB536734-F032-44E3-9779-69720587B842}.Debug|Any CPU.Build.0 = Debug|Any CPU
		{AB536734-F032-44E3-9779-69720587B842}.Release|Any CPU.ActiveCfg = Release|Any CPU
		{AB536734-F032-44E3-9779-69720587B842}.Release|Any CPU.Build.0 = Release|Any CPU
		{93C9BDC3-6809-4ABB-9730-FBBC7D1E6AEC}.Debug|Any CPU.ActiveCfg = Debug|Any CPU
		{93C9BDC3-6809-4ABB-9730-FBBC7D1E6AEC}.Debug|Any CPU.Build.0 = Debug|Any CPU
		{93C9BDC3-6809-4ABB-9730-FBBC7D1E6AEC}.Release|Any CPU.ActiveCfg = Release|Any CPU
		{93C9BDC3-6809-4ABB-9730-FBBC7D1E6AEC}.Release|Any CPU.Build.0 = Release|Any CPU
		{3CDECC51-54F9-4084-B3A7-15993FA2AA1F}.Debug|Any CPU.ActiveCfg = Debug|Any CPU
		{3CDECC51-54F9-4084-B3A7-15993FA2AA1F}.Debug|Any CPU.Build.0 = Debug|Any CPU
		{3CDECC51-54F9-4084-B3A7-15993FA2AA1F}.Release|Any CPU.ActiveCfg = Release|Any CPU
		{3CDECC51-54F9-4084-B3A7-15993FA2AA1F}.Release|Any CPU.Build.0 = Release|Any CPU
		{E9E70F4C-074F-439B-A821-D8B5F724B987}.Debug|Any CPU.ActiveCfg = Debug|Any CPU
		{E9E70F4C-074F-439B-A821-D8B5F724B987}.Debug|Any CPU.Build.0 = Debug|Any CPU
		{E9E70F4C-074F-439B-A821-D8B5F724B987}.Release|Any CPU.ActiveCfg = Release|Any CPU
		{E9E70F4C-074F-439B-A821-D8B5F724B987}.Release|Any CPU.Build.0 = Release|Any CPU
		{5011857F-4220-4137-BF77-2CDB2E7C2291}.Debug|Any CPU.ActiveCfg = Debug|Any CPU
		{5011857F-4220-4137-BF77-2CDB2E7C2291}.Debug|Any CPU.Build.0 = Debug|Any CPU
		{5011857F-4220-4137-BF77-2CDB2E7C2291}.Release|Any CPU.ActiveCfg = Release|Any CPU
		{5011857F-4220-4137-BF77-2CDB2E7C2291}.Release|Any CPU.Build.0 = Release|Any CPU
		{281D88F5-CFBB-4C95-B7CB-D7DEEFA6BFE1}.Debug|Any CPU.ActiveCfg = Debug|Any CPU
		{281D88F5-CFBB-4C95-B7CB-D7DEEFA6BFE1}.Debug|Any CPU.Build.0 = Debug|Any CPU
		{281D88F5-CFBB-4C95-B7CB-D7DEEFA6BFE1}.Release|Any CPU.ActiveCfg = Release|Any CPU
		{281D88F5-CFBB-4C95-B7CB-D7DEEFA6BFE1}.Release|Any CPU.Build.0 = Release|Any CPU
		{B8B4EB7F-518B-4E20-869F-45DCF306F6CA}.Debug|Any CPU.ActiveCfg = Debug|Any CPU
		{B8B4EB7F-518B-4E20-869F-45DCF306F6CA}.Debug|Any CPU.Build.0 = Debug|Any CPU
		{B8B4EB7F-518B-4E20-869F-45DCF306F6CA}.Release|Any CPU.ActiveCfg = Release|Any CPU
		{B8B4EB7F-518B-4E20-869F-45DCF306F6CA}.Release|Any CPU.Build.0 = Release|Any CPU
		{101B0EA6-B469-4B11-B54E-967DDD902404}.Debug|Any CPU.ActiveCfg = Debug|Any CPU
		{101B0EA6-B469-4B11-B54E-967DDD902404}.Debug|Any CPU.Build.0 = Debug|Any CPU
		{101B0EA6-B469-4B11-B54E-967DDD902404}.Release|Any CPU.ActiveCfg = Release|Any CPU
		{101B0EA6-B469-4B11-B54E-967DDD902404}.Release|Any CPU.Build.0 = Release|Any CPU
		{E8320995-8896-49F3-8414-250B8C3D8B2C}.Debug|Any CPU.ActiveCfg = Debug|Any CPU
		{E8320995-8896-49F3-8414-250B8C3D8B2C}.Debug|Any CPU.Build.0 = Debug|Any CPU
		{E8320995-8896-49F3-8414-250B8C3D8B2C}.Release|Any CPU.ActiveCfg = Release|Any CPU
		{E8320995-8896-49F3-8414-250B8C3D8B2C}.Release|Any CPU.Build.0 = Release|Any CPU
		{39F472A7-C497-4E48-B7A0-5693DDEC0324}.Debug|Any CPU.ActiveCfg = Debug|Any CPU
		{39F472A7-C497-4E48-B7A0-5693DDEC0324}.Debug|Any CPU.Build.0 = Debug|Any CPU
		{39F472A7-C497-4E48-B7A0-5693DDEC0324}.Release|Any CPU.ActiveCfg = Release|Any CPU
		{39F472A7-C497-4E48-B7A0-5693DDEC0324}.Release|Any CPU.Build.0 = Release|Any CPU
		{D2FB46E5-888C-4916-A42B-5BA39BB2F1B9}.Debug|Any CPU.ActiveCfg = Debug|Any CPU
		{D2FB46E5-888C-4916-A42B-5BA39BB2F1B9}.Debug|Any CPU.Build.0 = Debug|Any CPU
		{D2FB46E5-888C-4916-A42B-5BA39BB2F1B9}.Release|Any CPU.ActiveCfg = Release|Any CPU
		{D2FB46E5-888C-4916-A42B-5BA39BB2F1B9}.Release|Any CPU.Build.0 = Release|Any CPU
		{C2046847-8887-4255-B73F-8EF9EBA83F5B}.Debug|Any CPU.ActiveCfg = Debug|Any CPU
		{C2046847-8887-4255-B73F-8EF9EBA83F5B}.Debug|Any CPU.Build.0 = Debug|Any CPU
		{C2046847-8887-4255-B73F-8EF9EBA83F5B}.Release|Any CPU.ActiveCfg = Release|Any CPU
		{C2046847-8887-4255-B73F-8EF9EBA83F5B}.Release|Any CPU.Build.0 = Release|Any CPU
		{30ED3E55-6601-4468-895A-C96F6C38FA52}.Debug|Any CPU.ActiveCfg = Debug|Any CPU
		{30ED3E55-6601-4468-895A-C96F6C38FA52}.Debug|Any CPU.Build.0 = Debug|Any CPU
		{30ED3E55-6601-4468-895A-C96F6C38FA52}.Release|Any CPU.ActiveCfg = Release|Any CPU
		{30ED3E55-6601-4468-895A-C96F6C38FA52}.Release|Any CPU.Build.0 = Release|Any CPU
	EndGlobalSection
	GlobalSection(NestedProjects) = preSolution
		{49AF77DD-367F-4875-9D7B-BA8D4B66B677} = {18469144-A292-4595-A334-F5F38B360032}
		{AB4D616F-0625-47C0-A920-15CE91615BB4} = {49AF77DD-367F-4875-9D7B-BA8D4B66B677}
		{9025E946-18FB-4C9E-9732-3F5543641B53} = {AB4D616F-0625-47C0-A920-15CE91615BB4}
		{D143F4AF-CDED-4095-8CC8-EFD976C6C033} = {18469144-A292-4595-A334-F5F38B360032}
		{AEE66CB1-60AE-4231-84F9-B26CB8E6178B} = {D143F4AF-CDED-4095-8CC8-EFD976C6C033}
		{CC0F236B-987E-4F98-ADDF-F2D232FC7149} = {AEE66CB1-60AE-4231-84F9-B26CB8E6178B}
		{66DB4697-C537-4647-AA74-3D33A9DD2326} = {AEE66CB1-60AE-4231-84F9-B26CB8E6178B}
		{AB536734-F032-44E3-9779-69720587B842} = {AEE66CB1-60AE-4231-84F9-B26CB8E6178B}
		{93C9BDC3-6809-4ABB-9730-FBBC7D1E6AEC} = {AEE66CB1-60AE-4231-84F9-B26CB8E6178B}
		{0EAF10E1-8DC2-4DB7-A089-35156CFA31E5} = {18469144-A292-4595-A334-F5F38B360032}
		{58EBB34E-1D70-4FF2-B39C-95C7C97F0166} = {0EAF10E1-8DC2-4DB7-A089-35156CFA31E5}
		{3CDECC51-54F9-4084-B3A7-15993FA2AA1F} = {58EBB34E-1D70-4FF2-B39C-95C7C97F0166}
		{5D189FAF-447C-476F-97EF-037EC7813869} = {18469144-A292-4595-A334-F5F38B360032}
		{924ED84E-4938-4343-9498-F0144D05C823} = {5D189FAF-447C-476F-97EF-037EC7813869}
		{E9E70F4C-074F-439B-A821-D8B5F724B987} = {924ED84E-4938-4343-9498-F0144D05C823}
		{49B81BD7-C750-41DE-BE03-8DA9E5FE3C19} = {5D189FAF-447C-476F-97EF-037EC7813869}
		{5011857F-4220-4137-BF77-2CDB2E7C2291} = {49B81BD7-C750-41DE-BE03-8DA9E5FE3C19}
		{8D36C528-C54A-475F-B195-4D1B82489F48} = {5D189FAF-447C-476F-97EF-037EC7813869}
		{281D88F5-CFBB-4C95-B7CB-D7DEEFA6BFE1} = {8D36C528-C54A-475F-B195-4D1B82489F48}
		{079F7745-551F-4941-80AC-9AEA4EBEAEB0} = {5D189FAF-447C-476F-97EF-037EC7813869}
		{B8B4EB7F-518B-4E20-869F-45DCF306F6CA} = {079F7745-551F-4941-80AC-9AEA4EBEAEB0}
		{A6C3F0BC-C531-42DE-AEA3-0A264B98C320} = {5D189FAF-447C-476F-97EF-037EC7813869}
		{101B0EA6-B469-4B11-B54E-967DDD902404} = {A6C3F0BC-C531-42DE-AEA3-0A264B98C320}
		{4172B36D-8732-4787-ACA6-938F38B67115} = {5D189FAF-447C-476F-97EF-037EC7813869}
		{E8320995-8896-49F3-8414-250B8C3D8B2C} = {4172B36D-8732-4787-ACA6-938F38B67115}
		{39F472A7-C497-4E48-B7A0-5693DDEC0324} = {4172B36D-8732-4787-ACA6-938F38B67115}
		{D2FB46E5-888C-4916-A42B-5BA39BB2F1B9} = {4172B36D-8732-4787-ACA6-938F38B67115}
		{C2046847-8887-4255-B73F-8EF9EBA83F5B} = {4172B36D-8732-4787-ACA6-938F38B67115}
		{BB05A655-04FD-473E-A1CC-B131A291529A} = {00BE7486-85A1-407E-8767-875F00457623}
		{30ED3E55-6601-4468-895A-C96F6C38FA52} = {BB05A655-04FD-473E-A1CC-B131A291529A}
	EndGlobalSection
EndGlobal
